{
  "name": "reservation",
  "lockfileVersion": 3,
  "requires": true,
  "packages": {
    "": {
      "name": "reservation",
      "dependencies": {
        "hono": "^4.7.7",
        "reservation": "file:"
      },
      "devDependencies": {
        "@types/bun": "latest"
      }
    },
    "node_modules/@types/bun": {
      "version": "1.2.10",
      "resolved": "https://registry.npmjs.org/@types/bun/-/bun-1.2.10.tgz",
      "integrity": "sha512-eilv6WFM3M0c9ztJt7/g80BDusK98z/FrFwseZgT4bXCq2vPhXD4z8R3oddmAn+R/Nmz9vBn4kweJKmGTZj+lg==",
      "dev": true,
      "license": "MIT",
      "dependencies": {
        "bun-types": "1.2.10"
      }
    },
    "node_modules/@types/node": {
      "version": "22.14.1",
      "dev": true,
      "license": "MIT",
      "dependencies": {
        "undici-types": "~6.21.0"
      }
    },
    "node_modules/bun-types": {
      "version": "1.2.10",
      "dev": true,
      "license": "MIT",
      "dependencies": {
        "@types/node": "*"
      }
    },
    "node_modules/hono": {
      "version": "4.7.7",
      "license": "MIT",
      "engines": {
        "node": ">=16.9.0"
      }
    },
    "node_modules/reservation": {
      "resolved": "",
      "link": true
    },
    "node_modules/undici-types": {
      "version": "6.21.0",
      "dev": true,
      "license": "MIT"
    }
  }
}
